// !$*UTF8*$!
{
	archiveVersion = 1;
	classes = {
	};
	objectVersion = 56;
	objects = {

/* Begin PBXBuildFile section */
		8C7794732C11B59D006F78E8 /* _sApp.swift in Sources */ = {isa = PBXBuildFile; fileRef = 8C7794722C11B59D006F78E8 /* _sApp.swift */; };
		8C7794752C11B59D006F78E8 /* ContentView.swift in Sources */ = {isa = PBXBuildFile; fileRef = 8C7794742C11B59D006F78E8 /* ContentView.swift */; };
		8C7794792C11B59D006F78E8 /* Preview Assets.xcassets in Resources */ = {isa = PBXBuildFile; fileRef = 8C7794782C11B59D006F78E8 /* Preview Assets.xcassets */; };
		8C7794832C11B59D006F78E8 /* _sTests.swift in Sources */ = {isa = PBXBuildFile; fileRef = 8C7794822C11B59D006F78E8 /* _sTests.swift */; };
		8C77948D2C11B59D006F78E8 /* _sUITests.swift in Sources */ = {isa = PBXBuildFile; fileRef = 8C77948C2C11B59D006F78E8 /* _sUITests.swift */; };
		8C77948F2C11B59D006F78E8 /* _sUITestsLaunchTests.swift in Sources */ = {isa = PBXBuildFile; fileRef = 8C77948E2C11B59D006F78E8 /* _sUITestsLaunchTests.swift */; };
/* End PBXBuildFile section */

/* Begin PBXContainerItemProxy section */
		8C77947F2C11B59D006F78E8 /* PBXContainerItemProxy */ = {
			isa = PBXContainerItemProxy;
			containerPortal = 8C7794672C11B59D006F78E8 /* Project object */;
			proxyType = 1;
			remoteGlobalIDString = 8C77946E2C11B59D006F78E8;
			remoteInfo = 1s;
		};
		8C7794892C11B59D006F78E8 /* PBXContainerItemProxy */ = {
			isa = PBXContainerItemProxy;
			containerPortal = 8C7794672C11B59D006F78E8 /* Project object */;
			proxyType = 1;
			remoteGlobalIDString = 8C77946E2C11B59D006F78E8;
			remoteInfo = 1s;
		};
/* End PBXContainerItemProxy section */

/* Begin PBXFileReference section */
		8C77946F2C11B59D006F78E8 /* 1s.app */ = {isa = PBXFileReference; explicitFileType = wrapper.application; includeInIndex = 0; path = 1s.app; sourceTree = BUILT_PRODUCTS_DIR; };
		8C7794722C11B59D006F78E8 /* _sApp.swift */ = {isa = PBXFileReference; lastKnownFileType = sourcecode.swift; path = _sApp.swift; sourceTree = "<group>"; };
		8C7794742C11B59D006F78E8 /* ContentView.swift */ = {isa = PBXFileReference; lastKnownFileType = sourcecode.swift; path = ContentView.swift; sourceTree = "<group>"; };
		8C7794762C11B59D006F78E8 /* _s.entitlements */ = {isa = PBXFileReference; lastKnownFileType = text.plist.entitlements; path = _s.entitlements; sourceTree = "<group>"; };
		8C7794782C11B59D006F78E8 /* Preview Assets.xcassets */ = {isa = PBXFileReference; lastKnownFileType = folder.assetcatalog; path = "Preview Assets.xcassets"; sourceTree = "<group>"; };
		8C77947E2C11B59D006F78E8 /* 1sTests.xctest */ = {isa = PBXFileReference; explicitFileType = wrapper.cfbundle; includeInIndex = 0; path = 1sTests.xctest; sourceTree = BUILT_PRODUCTS_DIR; };
		8C7794822C11B59D006F78E8 /* _sTests.swift */ = {isa = PBXFileReference; lastKnownFileType = sourcecode.swift; path = _sTests.swift; sourceTree = "<group>"; };
		8C7794882C11B59D006F78E8 /* 1sUITests.xctest */ = {isa = PBXFileReference; explicitFileType = wrapper.cfbundle; includeInIndex = 0; path = 1sUITests.xctest; sourceTree = BUILT_PRODUCTS_DIR; };
		8C77948C2C11B59D006F78E8 /* _sUITests.swift */ = {isa = PBXFileReference; lastKnownFileType = sourcecode.swift; path = _sUITests.swift; sourceTree = "<group>"; };
		8C77948E2C11B59D006F78E8 /* _sUITestsLaunchTests.swift */ = {isa = PBXFileReference; lastKnownFileType = sourcecode.swift; path = _sUITestsLaunchTests.swift; sourceTree = "<group>"; };
/* End PBXFileReference section */

/* Begin PBXFrameworksBuildPhase section */
		8C77946C2C11B59D006F78E8 /* Frameworks */ = {
			isa = PBXFrameworksBuildPhase;
			buildActionMask = 2147483647;
			files = (
			);
			runOnlyForDeploymentPostprocessing = 0;
		};
		8C77947B2C11B59D006F78E8 /* Frameworks */ = {
			isa = PBXFrameworksBuildPhase;
			buildActionMask = 2147483647;
			files = (
			);
			runOnlyForDeploymentPostprocessing = 0;
		};
		8C7794852C11B59D006F78E8 /* Frameworks */ = {
			isa = PBXFrameworksBuildPhase;
			buildActionMask = 2147483647;
			files = (
			);
			runOnlyForDeploymentPostprocessing = 0;
		};
/* End PBXFrameworksBuildPhase section */

/* Begin PBXGroup section */
		8C7794662C11B59D006F78E8 = {
			isa = PBXGroup;
			children = (
				8C7794712C11B59D006F78E8 /* 1s */,
				8C7794812C11B59D006F78E8 /* 1sTests */,
				8C77948B2C11B59D006F78E8 /* 1sUITests */,
				8C7794702C11B59D006F78E8 /* Products */,
			);
			sourceTree = "<group>";
		};
		8C7794702C11B59D006F78E8 /* Products */ = {
			isa = PBXGroup;
			children = (
				8C77946F2C11B59D006F78E8 /* 1s.app */,
				8C77947E2C11B59D006F78E8 /* 1sTests.xctest */,
				8C7794882C11B59D006F78E8 /* 1sUITests.xctest */,
			);
			name = Products;
			sourceTree = "<group>";
		};
		8C7794712C11B59D006F78E8 /* 1s */ = {
			isa = PBXGroup;
			children = (
				8C7794722C11B59D006F78E8 /* _sApp.swift */,
				8C7794742C11B59D006F78E8 /* ContentView.swift */,
				8C7794762C11B59D006F78E8 /* _s.entitlements */,
				8C7794772C11B59D006F78E8 /* Preview Content */,
			);
			path = 1s;
			sourceTree = "<group>";
		};
		8C7794772C11B59D006F78E8 /* Preview Content */ = {
			isa = PBXGroup;
			children = (
				8C7794782C11B59D006F78E8 /* Preview Assets.xcassets */,
			);
			path = "Preview Content";
			sourceTree = "<group>";
		};
		8C7794812C11B59D006F78E8 /* 1sTests */ = {
			isa = PBXGroup;
			children = (
				8C7794822C11B59D006F78E8 /* _sTests.swift */,
			);
			path = 1sTests;
			sourceTree = "<group>";
		};
		8C77948B2C11B59D006F78E8 /* 1sUITests */ = {
			isa = PBXGroup;
			children = (
				8C77948C2C11B59D006F78E8 /* _sUITests.swift */,
				8C77948E2C11B59D006F78E8 /* _sUITestsLaunchTests.swift */,
			);
			path = 1sUITests;
			sourceTree = "<group>";
		};
/* End PBXGroup section */

/* Begin PBXNativeTarget section */
		8C77946E2C11B59D006F78E8 /* 1s */ = {
			isa = PBXNativeTarget;
			buildConfigurationList = 8C7794922C11B59D006F78E8 /* Build configuration list for PBXNativeTarget "1s" */;
			buildPhases = (
				8C77946B2C11B59D006F78E8 /* Sources */,
				8C77946C2C11B59D006F78E8 /* Frameworks */,
				8C77946D2C11B59D006F78E8 /* Resources */,
			);
			buildRules = (
			);
			dependencies = (
			);
			name = 1s;
			productName = 1s;
			productReference = 8C77946F2C11B59D006F78E8 /* 1s.app */;
			productType = "com.apple.product-type.application";
		};
		8C77947D2C11B59D006F78E8 /* 1sTests */ = {
			isa = PBXNativeTarget;
			buildConfigurationList = 8C7794952C11B59D006F78E8 /* Build configuration list for PBXNativeTarget "1sTests" */;
			buildPhases = (
				8C77947A2C11B59D006F78E8 /* Sources */,
				8C77947B2C11B59D006F78E8 /* Frameworks */,
				8C77947C2C11B59D006F78E8 /* Resources */,
			);
			buildRules = (
			);
			dependencies = (
				8C7794802C11B59D006F78E8 /* PBXTargetDependency */,
			);
			name = 1sTests;
			productName = 1sTests;
			productReference = 8C77947E2C11B59D006F78E8 /* 1sTests.xctest */;
			productType = "com.apple.product-type.bundle.unit-test";
		};
		8C7794872C11B59D006F78E8 /* 1sUITests */ = {
			isa = PBXNativeTarget;
			buildConfigurationList = 8C7794982C11B59D006F78E8 /* Build configuration list for PBXNativeTarget "1sUITests" */;
			buildPhases = (
				8C7794842C11B59D006F78E8 /* Sources */,
				8C7794852C11B59D006F78E8 /* Frameworks */,
				8C7794862C11B59D006F78E8 /* Resources */,
			);
			buildRules = (
			);
			dependencies = (
				8C77948A2C11B59D006F78E8 /* PBXTargetDependency */,
			);
			name = 1sUITests;
			productName = 1sUITests;
			productReference = 8C7794882C11B59D006F78E8 /* 1sUITests.xctest */;
			productType = "com.apple.product-type.bundle.ui-testing";
		};
/* End PBXNativeTarget section */

/* Begin PBXProject section */
		8C7794672C11B59D006F78E8 /* Project object */ = {
			isa = PBXProject;
			attributes = {
				BuildIndependentTargetsInParallel = 1;
				LastSwiftUpdateCheck = 1540;
				LastUpgradeCheck = 1540;
				TargetAttributes = {
					8C77946E2C11B59D006F78E8 = {
						CreatedOnToolsVersion = 15.4;
					};
					8C77947D2C11B59D006F78E8 = {
						CreatedOnToolsVersion = 15.4;
						TestTargetID = 8C77946E2C11B59D006F78E8;
					};
					8C7794872C11B59D006F78E8 = {
						CreatedOnToolsVersion = 15.4;
						TestTargetID = 8C77946E2C11B59D006F78E8;
					};
				};
			};
			buildConfigurationList = 8C77946A2C11B59D006F78E8 /* Build configuration list for PBXProject "1s" */;
			compatibilityVersion = "Xcode 14.0";
			developmentRegion = en;
			hasScannedForEncodings = 0;
			knownRegions = (
				en,
				Base,
			);
			mainGroup = 8C7794662C11B59D006F78E8;
			productRefGroup = 8C7794702C11B59D006F78E8 /* Products */;
			projectDirPath = "";
			projectRoot = "";
			targets = (
				8C77946E2C11B59D006F78E8 /* 1s */,
				8C77947D2C11B59D006F78E8 /* 1sTests */,
				8C7794872C11B59D006F78E8 /* 1sUITests */,
			);
		};
/* End PBXProject section */

/* Begin PBXResourcesBuildPhase section */
		8C77946D2C11B59D006F78E8 /* Resources */ = {
			isa = PBXResourcesBuildPhase;
			buildActionMask = 2147483647;
			files = (
				8C7794792C11B59D006F78E8 /* Preview Assets.xcassets in Resources */,
			);
			runOnlyForDeploymentPostprocessing = 0;
		};
		8C77947C2C11B59D006F78E8 /* Resources */ = {
			isa = PBXResourcesBuildPhase;
			buildActionMask = 2147483647;
			files = (
			);
			runOnlyForDeploymentPostprocessing = 0;
		};
		8C7794862C11B59D006F78E8 /* Resources */ = {
			isa = PBXResourcesBuildPhase;
			buildActionMask = 2147483647;
			files = (
			);
			runOnlyForDeploymentPostprocessing = 0;
		};
/* End PBXResourcesBuildPhase section */

/* Begin PBXSourcesBuildPhase section */
		8C77946B2C11B59D006F78E8 /* Sources */ = {
			isa = PBXSourcesBuildPhase;
			buildActionMask = 2147483647;
			files = (
				8C7794752C11B59D006F78E8 /* ContentView.swift in Sources */,
				8C7794732C11B59D006F78E8 /* _sApp.swift in Sources */,
			);
			runOnlyForDeploymentPostprocessing = 0;
		};
		8C77947A2C11B59D006F78E8 /* Sources */ = {
			isa = PBXSourcesBuildPhase;
			buildActionMask = 2147483647;
			files = (
				8C7794832C11B59D006F78E8 /* _sTests.swift in Sources */,
			);
			runOnlyForDeploymentPostprocessing = 0;
		};
		8C7794842C11B59D006F78E8 /* Sources */ = {
			isa = PBXSourcesBuildPhase;
			buildActionMask = 2147483647;
			files = (
				8C77948F2C11B59D006F78E8 /* _sUITestsLaunchTests.swift in Sources */,
				8C77948D2C11B59D006F78E8 /* _sUITests.swift in Sources */,
			);
			runOnlyForDeploymentPostprocessing = 0;
		};
/* End PBXSourcesBuildPhase section */

/* Begin PBXTargetDependency section */
		8C7794802C11B59D006F78E8 /* PBXTargetDependency */ = {
			isa = PBXTargetDependency;
			target = 8C77946E2C11B59D006F78E8 /* 1s */;
			targetProxy = 8C77947F2C11B59D006F78E8 /* PBXContainerItemProxy */;
		};
		8C77948A2C11B59D006F78E8 /* PBXTargetDependency */ = {
			isa = PBXTargetDependency;
			target = 8C77946E2C11B59D006F78E8 /* 1s */;
			targetProxy = 8C7794892C11B59D006F78E8 /* PBXContainerItemProxy */;
		};
/* End PBXTargetDependency section */

/* Begin XCBuildConfiguration section */
		8C7794902C11B59D006F78E8 /* Debug */ = {
			isa = XCBuildConfiguration;
			buildSettings = {
				ALWAYS_SEARCH_USER_PATHS = NO;
				ASSETCATALOG_COMPILER_GENERATE_SWIFT_ASSET_SYMBOL_EXTENSIONS = YES;
				CLANG_ANALYZER_NONNULL = YES;
				CLANG_ANALYZER_NUMBER_OBJECT_CONVERSION = YES_AGGRESSIVE;
				CLANG_CXX_LANGUAGE_STANDARD = "gnu++20";
				CLANG_ENABLE_MODULES = YES;
				CLANG_ENABLE_OBJC_ARC = YES;
				CLANG_ENABLE_OBJC_WEAK = YES;
				CLANG_WARN_BLOCK_CAPTURE_AUTORELEASING = YES;
				CLANG_WARN_BOOL_CONVERSION = YES;
				CLANG_WARN_COMMA = YES;
				CLANG_WARN_CONSTANT_CONVERSION = YES;
				CLANG_WARN_DEPRECATED_OBJC_IMPLEMENTATIONS = YES;
				CLANG_WARN_DIRECT_OBJC_ISA_USAGE = YES_ERROR;
				CLANG_WARN_DOCUMENTATION_COMMENTS = YES;
				CLANG_WARN_EMPTY_BODY = YES;
				CLANG_WARN_ENUM_CONVERSION = YES;
				CLANG_WARN_INFINITE_RECURSION = YES;
				CLANG_WARN_INT_CONVERSION = YES;
				CLANG_WARN_NON_LITERAL_NULL_CONVERSION = YES;
				CLANG_WARN_OBJC_IMPLICIT_RETAIN_SELF = YES;
				CLANG_WARN_OBJC_LITERAL_CONVERSION = YES;
				CLANG_WARN_OBJC_ROOT_CLASS = YES_ERROR;
				CLANG_WARN_QUOTED_INCLUDE_IN_FRAMEWORK_HEADER = YES;
				CLANG_WARN_RANGE_LOOP_ANALYSIS = YES;
				CLANG_WARN_STRICT_PROTOTYPES = YES;
				CLANG_WARN_SUSPICIOUS_MOVE = YES;
				CLANG_WARN_UNGUARDED_AVAILABILITY = YES_AGGRESSIVE;
				CLANG_WARN_UNREACHABLE_CODE = YES;
				CLANG_WARN__DUPLICATE_METHOD_MATCH = YES;
				COPY_PHASE_STRIP = NO;
				DEBUG_INFORMATION_FORMAT = dwarf;
				ENABLE_STRICT_OBJC_MSGSEND = YES;
				ENABLE_TESTABILITY = YES;
				ENABLE_USER_SCRIPT_SANDBOXING = YES;
				GCC_C_LANGUAGE_STANDARD = gnu17;
				GCC_DYNAMIC_NO_PIC = NO;
				GCC_NO_COMMON_BLOCKS = YES;
				GCC_OPTIMIZATION_LEVEL = 0;
				GCC_PREPROCESSOR_DEFINITIONS = (
					"DEBUG=1",
					"$(inherited)",
				);
				GCC_WARN_64_TO_32_BIT_CONVERSION = YES;
				GCC_WARN_ABOUT_RETURN_TYPE = YES_ERROR;
				GCC_WARN_UNDECLARED_SELECTOR = YES;
				GCC_WARN_UNINITIALIZED_AUTOS = YES_AGGRESSIVE;
				GCC_WARN_UNUSED_FUNCTION = YES;
				GCC_WARN_UNUSED_VARIABLE = YES;
				LOCALIZATION_PREFERS_STRING_CATALOGS = YES;
				MTL_ENABLE_DEBUG_INFO = INCLUDE_SOURCE;
				MTL_FAST_MATH = YES;
				ONLY_ACTIVE_ARCH = YES;
				SWIFT_ACTIVE_COMPILATION_CONDITIONS = "DEBUG $(inherited)";
				SWIFT_OPTIMIZATION_LEVEL = "-Onone";
			};
			name = Debug;
		};
		8C7794912C11B59D006F78E8 /* Release */ = {
			isa = XCBuildConfiguration;
			buildSettings = {
				ALWAYS_SEARCH_USER_PATHS = NO;
				ASSETCATALOG_COMPILER_GENERATE_SWIFT_ASSET_SYMBOL_EXTENSIONS = YES;
				CLANG_ANALYZER_NONNULL = YES;
				CLANG_ANALYZER_NUMBER_OBJECT_CONVERSION = YES_AGGRESSIVE;
				CLANG_CXX_LANGUAGE_STANDARD = "gnu++20";
				CLANG_ENABLE_MODULES = YES;
				CLANG_ENABLE_OBJC_ARC = YES;
				CLANG_ENABLE_OBJC_WEAK = YES;
				CLANG_WARN_BLOCK_CAPTURE_AUTORELEASING = YES;
				CLANG_WARN_BOOL_CONVERSION = YES;
				CLANG_WARN_COMMA = YES;
				CLANG_WARN_CONSTANT_CONVERSION = YES;
				CLANG_WARN_DEPRECATED_OBJC_IMPLEMENTATIONS = YES;
				CLANG_WARN_DIRECT_OBJC_ISA_USAGE = YES_ERROR;
				CLANG_WARN_DOCUMENTATION_COMMENTS = YES;
				CLANG_WARN_EMPTY_BODY = YES;
				CLANG_WARN_ENUM_CONVERSION = YES;
				CLANG_WARN_INFINITE_RECURSION = YES;
				CLANG_WARN_INT_CONVERSION = YES;
				CLANG_WARN_NON_LITERAL_NULL_CONVERSION = YES;
				CLANG_WARN_OBJC_IMPLICIT_RETAIN_SELF = YES;
				CLANG_WARN_OBJC_LITERAL_CONVERSION = YES;
				CLANG_WARN_OBJC_ROOT_CLASS = YES_ERROR;
				CLANG_WARN_QUOTED_INCLUDE_IN_FRAMEWORK_HEADER = YES;
				CLANG_WARN_RANGE_LOOP_ANALYSIS = YES;
				CLANG_WARN_STRICT_PROTOTYPES = YES;
				CLANG_WARN_SUSPICIOUS_MOVE = YES;
				CLANG_WARN_UNGUARDED_AVAILABILITY = YES_AGGRESSIVE;
				CLANG_WARN_UNREACHABLE_CODE = YES;
				CLANG_WARN__DUPLICATE_METHOD_MATCH = YES;
				COPY_PHASE_STRIP = NO;
				DEBUG_INFORMATION_FORMAT = "dwarf-with-dsym";
				ENABLE_NS_ASSERTIONS = NO;
				ENABLE_STRICT_OBJC_MSGSEND = YES;
				ENABLE_USER_SCRIPT_SANDBOXING = YES;
				GCC_C_LANGUAGE_STANDARD = gnu17;
				GCC_NO_COMMON_BLOCKS = YES;
				GCC_WARN_64_TO_32_BIT_CONVERSION = YES;
				GCC_WARN_ABOUT_RETURN_TYPE = YES_ERROR;
				GCC_WARN_UNDECLARED_SELECTOR = YES;
				GCC_WARN_UNINITIALIZED_AUTOS = YES_AGGRESSIVE;
				GCC_WARN_UNUSED_FUNCTION = YES;
				GCC_WARN_UNUSED_VARIABLE = YES;
				LOCALIZATION_PREFERS_STRING_CATALOGS = YES;
				MTL_ENABLE_DEBUG_INFO = NO;
				MTL_FAST_MATH = YES;
				SWIFT_COMPILATION_MODE = wholemodule;
			};
			name = Release;
		};
		8C7794932C11B59D006F78E8 /* Debug */ = {
			isa = XCBuildConfiguration;
			buildSettings = {
				ASSETCATALOG_COMPILER_APPICON_NAME = AppIcon;
				ASSETCATALOG_COMPILER_GLOBAL_ACCENT_COLOR_NAME = AccentColor;
				CODE_SIGN_ENTITLEMENTS = 1s/_s.entitlements;
				CODE_SIGN_STYLE = Automatic;
				CURRENT_PROJECT_VERSION = 1;
				DEVELOPMENT_ASSET_PATHS = "\"1s/Preview Content\"";
				ENABLE_PREVIEWS = YES;
				GENERATE_INFOPLIST_FILE = YES;
				"INFOPLIST_KEY_UIApplicationSceneManifest_Generation[sdk=iphoneos*]" = YES;
				"INFOPLIST_KEY_UIApplicationSceneManifest_Generation[sdk=iphonesimulator*]" = YES;
				"INFOPLIST_KEY_UIApplicationSupportsIndirectInputEvents[sdk=iphoneos*]" = YES;
				"INFOPLIST_KEY_UIApplicationSupportsIndirectInputEvents[sdk=iphonesimulator*]" = YES;
				"INFOPLIST_KEY_UILaunchScreen_Generation[sdk=iphoneos*]" = YES;
				"INFOPLIST_KEY_UILaunchScreen_Generation[sdk=iphonesimulator*]" = YES;
				"INFOPLIST_KEY_UIStatusBarStyle[sdk=iphoneos*]" = UIStatusBarStyleDefault;
				"INFOPLIST_KEY_UIStatusBarStyle[sdk=iphonesimulator*]" = UIStatusBarStyleDefault;
				INFOPLIST_KEY_UISupportedInterfaceOrientations_iPad = "UIInterfaceOrientationPortrait UIInterfaceOrientationPortraitUpsideDown UIInterfaceOrientationLandscapeLeft UIInterfaceOrientationLandscapeRight";
				INFOPLIST_KEY_UISupportedInterfaceOrientations_iPhone = "UIInterfaceOrientationPortrait UIInterfaceOrientationLandscapeLeft UIInterfaceOrientationLandscapeRight";
				LD_RUNPATH_SEARCH_PATHS = "@executable_path/Frameworks";
				"LD_RUNPATH_SEARCH_PATHS[sdk=macosx*]" = "@executable_path/../Frameworks";
				MACOSX_DEPLOYMENT_TARGET = 14.2;
				MARKETING_VERSION = 1.0;
				PRODUCT_BUNDLE_IDENTIFIER = "design.1s.-s";
				PRODUCT_NAME = "$(TARGET_NAME)";
				SDKROOT = auto;
				SUPPORTED_PLATFORMS = "iphoneos iphonesimulator macosx";
				SWIFT_EMIT_LOC_STRINGS = YES;
				SWIFT_VERSION = 5.0;
				TARGETED_DEVICE_FAMILY = "1,2";
			};
			name = Debug;
		};
		8C7794942C11B59D006F78E8 /* Release */ = {
			isa = XCBuildConfiguration;
			buildSettings = {
				ASSETCATALOG_COMPILER_APPICON_NAME = AppIcon;
				ASSETCATALOG_COMPILER_GLOBAL_ACCENT_COLOR_NAME = AccentColor;
				CODE_SIGN_ENTITLEMENTS = 1s/_s.entitlements;
				CODE_SIGN_STYLE = Automatic;
				CURRENT_PROJECT_VERSION = 1;
				DEVELOPMENT_ASSET_PATHS = "\"1s/Preview Content\"";
				ENABLE_PREVIEWS = YES;
				GENERATE_INFOPLIST_FILE = YES;
				"INFOPLIST_KEY_UIApplicationSceneManifest_Generation[sdk=iphoneos*]" = YES;
				"INFOPLIST_KEY_UIApplicationSceneManifest_Generation[sdk=iphonesimulator*]" = YES;
				"INFOPLIST_KEY_UIApplicationSupportsIndirectInputEvents[sdk=iphoneos*]" = YES;
				"INFOPLIST_KEY_UIApplicationSupportsIndirectInputEvents[sdk=iphonesimulator*]" = YES;
				"INFOPLIST_KEY_UILaunchScreen_Generation[sdk=iphoneos*]" = YES;
				"INFOPLIST_KEY_UILaunchScreen_Generation[sdk=iphonesimulator*]" = YES;
				"INFOPLIST_KEY_UIStatusBarStyle[sdk=iphoneos*]" = UIStatusBarStyleDefault;
				"INFOPLIST_KEY_UIStatusBarStyle[sdk=iphonesimulator*]" = UIStatusBarStyleDefault;
				INFOPLIST_KEY_UISupportedInterfaceOrientations_iPad = "UIInterfaceOrientationPortrait UIInterfaceOrientationPortraitUpsideDown UIInterfaceOrientationLandscapeLeft UIInterfaceOrientationLandscapeRight";
				INFOPLIST_KEY_UISupportedInterfaceOrientations_iPhone = "UIInterfaceOrientationPortrait UIInterfaceOrientationLandscapeLeft UIInterfaceOrientationLandscapeRight";
				LD_RUNPATH_SEARCH_PATHS = "@executable_path/Frameworks";
				"LD_RUNPATH_SEARCH_PATHS[sdk=macosx*]" = "@executable_path/../Frameworks";
				MACOSX_DEPLOYMENT_TARGET = 14.2;
				MARKETING_VERSION = 1.0;
				PRODUCT_BUNDLE_IDENTIFIER = "design.1s.-s";
				PRODUCT_NAME = "$(TARGET_NAME)";
				SDKROOT = auto;
				SUPPORTED_PLATFORMS = "iphoneos iphonesimulator macosx";
				SWIFT_EMIT_LOC_STRINGS = YES;
				SWIFT_VERSION = 5.0;
				TARGETED_DEVICE_FAMILY = "1,2";
			};
			name = Release;
		};
		8C7794962C11B59D006F78E8 /* Debug */ = {
			isa = XCBuildConfiguration;
			buildSettings = {
				ALWAYS_EMBED_SWIFT_STANDARD_LIBRARIES = YES;
				BUNDLE_LOADER = "$(TEST_HOST)";
				CODE_SIGN_STYLE = Automatic;
				CURRENT_PROJECT_VERSION = 1;
				GENERATE_INFOPLIST_FILE = YES;
				MACOSX_DEPLOYMENT_TARGET = 14.2;
				MARKETING_VERSION = 1.0;
				PRODUCT_BUNDLE_IDENTIFIER = "design.1s.-sTests";
				PRODUCT_NAME = "$(TARGET_NAME)";
				SDKROOT = auto;
				SUPPORTED_PLATFORMS = "iphoneos iphonesimulator macosx";
				SWIFT_EMIT_LOC_STRINGS = NO;
				SWIFT_VERSION = 5.0;
				TARGETED_DEVICE_FAMILY = "1,2";
				TEST_HOST = "$(BUILT_PRODUCTS_DIR)/1s.app/$(BUNDLE_EXECUTABLE_FOLDER_PATH)/1s";
			};
			name = Debug;
		};
		8C7794972C11B59D006F78E8 /* Release */ = {
			isa = XCBuildConfiguration;
			buildSettings = {
				ALWAYS_EMBED_SWIFT_STANDARD_LIBRARIES = YES;
				BUNDLE_LOADER = "$(TEST_HOST)";
				CODE_SIGN_STYLE = Automatic;
				CURRENT_PROJECT_VERSION = 1;
				GENERATE_INFOPLIST_FILE = YES;
				MACOSX_DEPLOYMENT_TARGET = 14.2;
				MARKETING_VERSION = 1.0;
				PRODUCT_BUNDLE_IDENTIFIER = "design.1s.-sTests";
				PRODUCT_NAME = "$(TARGET_NAME)";
				SDKROOT = auto;
				SUPPORTED_PLATFORMS = "iphoneos iphonesimulator macosx";
				SWIFT_EMIT_LOC_STRINGS = NO;
				SWIFT_VERSION = 5.0;
				TARGETED_DEVICE_FAMILY = "1,2";
				TEST_HOST = "$(BUILT_PRODUCTS_DIR)/1s.app/$(BUNDLE_EXECUTABLE_FOLDER_PATH)/1s";
			};
			name = Release;
		};
		8C7794992C11B59D006F78E8 /* Debug */ = {
			isa = XCBuildConfiguration;
			buildSettings = {
				ALWAYS_EMBED_SWIFT_STANDARD_LIBRARIES = YES;
				CODE_SIGN_STYLE = Automatic;
				CURRENT_PROJECT_VERSION = 1;
				GENERATE_INFOPLIST_FILE = YES;
				MACOSX_DEPLOYMENT_TARGET = 14.2;
				MARKETING_VERSION = 1.0;
				PRODUCT_BUNDLE_IDENTIFIER = "design.1s.-sUITests";
				PRODUCT_NAME = "$(TARGET_NAME)";
				SDKROOT = auto;
				SUPPORTED_PLATFORMS = "iphoneos iphonesimulator macosx";
				SWIFT_EMIT_LOC_STRINGS = NO;
				SWIFT_VERSION = 5.0;
				TARGETED_DEVICE_FAMILY = "1,2";
				TEST_TARGET_NAME = 1s;
			};
			name = Debug;
		};
		8C77949A2C11B59D006F78E8 /* Release */ = {
			isa = XCBuildConfiguration;
			buildSettings = {
				ALWAYS_EMBED_SWIFT_STANDARD_LIBRARIES = YES;
				CODE_SIGN_STYLE = Automatic;
				CURRENT_PROJECT_VERSION = 1;
				GENERATE_INFOPLIST_FILE = YES;
				MACOSX_DEPLOYMENT_TARGET = 14.2;
				MARKETING_VERSION = 1.0;
				PRODUCT_BUNDLE_IDENTIFIER = "design.1s.-sUITests";
				PRODUCT_NAME = "$(TARGET_NAME)";
				SDKROOT = auto;
				SUPPORTED_PLATFORMS = "iphoneos iphonesimulator macosx";
				SWIFT_EMIT_LOC_STRINGS = NO;
				SWIFT_VERSION = 5.0;
				TARGETED_DEVICE_FAMILY = "1,2";
				TEST_TARGET_NAME = 1s;
			};
			name = Release;
		};
/* End XCBuildConfiguration section */

/* Begin XCConfigurationList section */
		8C77946A2C11B59D006F78E8 /* Build configuration list for PBXProject "1s" */ = {
			isa = XCConfigurationList;
			buildConfigurations = (
				8C7794902C11B59D006F78E8 /* Debug */,
				8C7794912C11B59D006F78E8 /* Release */,
			);
			defaultConfigurationIsVisible = 0;
			defaultConfigurationName = Release;
		};
		8C7794922C11B59D006F78E8 /* Build configuration list for PBXNativeTarget "1s" */ = {
			isa = XCConfigurationList;
			buildConfigurations = (
				8C7794932C11B59D006F78E8 /* Debug */,
				8C7794942C11B59D006F78E8 /* Release */,
			);
			defaultConfigurationIsVisible = 0;
			defaultConfigurationName = Release;
		};
		8C7794952C11B59D006F78E8 /* Build configuration list for PBXNativeTarget "1sTests" */ = {
			isa = XCConfigurationList;
			buildConfigurations = (
				8C7794962C11B59D006F78E8 /* Debug */,
				8C7794972C11B59D006F78E8 /* Release */,
			);
			defaultConfigurationIsVisible = 0;
			defaultConfigurationName = Release;
		};
		8C7794982C11B59D006F78E8 /* Build configuration list for PBXNativeTarget "1sUITests" */ = {
			isa = XCConfigurationList;
			buildConfigurations = (
				8C7794992C11B59D006F78E8 /* Debug */,
				8C77949A2C11B59D006F78E8 /* Release */,
			);
			defaultConfigurationIsVisible = 0;
			defaultConfigurationName = Release;
		};
/* End XCConfigurationList section */
	};
	rootObject = 8C7794672C11B59D006F78E8 /* Project object */;
}
